
Microsoft Visual Studio Solution File, Format Version 12.00
# Visual Studio Version 16
VisualStudioVersion = 16.0.30804.86
MinimumVisualStudioVersion = 10.0.40219.1
Project("{FAE04EC0-301F-11D3-BF4B-00C04F79EFBC}") = "SorusturmaTakip", "SorusturmaTakip\SorusturmaTakip.csproj", "{BA149532-FA77-4A59-AB0F-D7450CF08ADA}"
EndProject
Global
	GlobalSection(SolutionConfigurationPlatforms) = preSolution
		Debug|Any CPU = Debug|Any CPU
		Release|Any CPU = Release|Any CPU
	EndGlobalSection
	GlobalSection(ProjectConfigurationPlatforms) = postSolution
		{BA149532-FA77-4A59-AB0F-D7450CF08ADA}.Debug|Any CPU.ActiveCfg = Debug|Any CPU
		{BA149532-FA77-4A59-AB0F-D7450CF08ADA}.Debug|Any CPU.Build.0 = Debug|Any CPU
		{BA149532-FA77-4A59-AB0F-D7450CF08ADA}.Release|Any CPU.ActiveCfg = Release|Any CPU
		{BA149532-FA77-4A59-AB0F-D7450CF08ADA}.Release|Any CPU.Build.0 = Release|Any CPU
	EndGlobalSection
	GlobalSection(SolutionProperties) = preSolution
		HideSolutionNode = FALSE
	EndGlobalSection
	GlobalSection(ExtensibilityGlobals) = postSolution
		SolutionGuid = {2DD3DC7F-3E2A-4C2C-BE25-C2029E25F356}
	EndGlobalSection
EndGlobal
